
Microsoft Visual Studio Solution File, Format Version 12.00
# Visual Studio Version 17
VisualStudioVersion = 17.6.33723.286
MinimumVisualStudioVersion = 10.0.40219.1
Project("{FAE04EC0-301F-11D3-BF4B-00C04F79EFBC}") = "Sliding_Window_Maximum", "Sliding_Window_Maximum\Sliding_Window_Maximum.csproj", "{62D1DFB9-12BA-4173-9840-376EC5B6C6A9}"
EndProject
Global
	GlobalSection(SolutionConfigurationPlatforms) = preSolution
		Debug|Any CPU = Debug|Any CPU
		Release|Any CPU = Release|Any CPU
	EndGlobalSection
	GlobalSection(ProjectConfigurationPlatforms) = postSolution
		{62D1DFB9-12BA-4173-9840-376EC5B6C6A9}.Debug|Any CPU.ActiveCfg = Debug|Any CPU
		{62D1DFB9-12BA-4173-9840-376EC5B6C6A9}.Debug|Any CPU.Build.0 = Debug|Any CPU
		{62D1DFB9-12BA-4173-9840-376EC5B6C6A9}.Release|Any CPU.ActiveCfg = Release|Any CPU
		{62D1DFB9-12BA-4173-9840-376EC5B6C6A9}.Release|Any CPU.Build.0 = Release|Any CPU
	EndGlobalSection
	GlobalSection(SolutionProperties) = preSolution
		HideSolutionNode = FALSE
	EndGlobalSection
	GlobalSection(ExtensibilityGlobals) = postSolution
		SolutionGuid = {24D4D040-4A86-4218-BC36-FAF19699FBA6}
	EndGlobalSection
EndGlobal
